
Microsoft Visual Studio Solution File, Format Version 12.00
# Visual Studio Version 17
VisualStudioVersion = 17.0.31815.197
MinimumVisualStudioVersion = 10.0.40219.1
Project("{9A19103F-16F7-4668-BE54-9A1E7A4F7556}") = "Superintendent.Core", "Superintendent.Core\Superintendent.Core.csproj", "{E42E4DC4-16E6-4A5F-8D2F-C676A0110BB9}"
	ProjectSection(ProjectDependencies) = postProject
		{EC8AACCC-5783-486A-819F-C6D4857E312C} = {EC8AACCC-5783-486A-819F-C6D4857E312C}
	EndProjectSection
EndProject
Project("{9A19103F-16F7-4668-BE54-9A1E7A4F7556}") = "Superintendent.Inspection", "Superintendent.Inspection\Superintendent.Inspection.csproj", "{1A0E779E-629D-41CC-B070-D3C3F4042297}"
EndProject
Project("{8BC9CEB8-8B4A-11D0-8D11-00A0C91BC942}") = "Superintendent.Mombasa", "Superintendent.Mombasa\Superintendent.Mombasa.vcxproj", "{EC8AACCC-5783-486A-819F-C6D4857E312C}"
EndProject
Project("{8BC9CEB8-8B4A-11D0-8D11-00A0C91BC942}") = "Superintendent.MombasaHost", "Superintendent.MombasaHost\Superintendent.MombasaHost.vcxproj", "{6FA4BE0A-3911-42C8-B826-693ED7D173F7}"
EndProject
Project("{9A19103F-16F7-4668-BE54-9A1E7A4F7556}") = "Superintendent.MombasaClient", "Superintendent.MombasaClient\Superintendent.MombasaClient.csproj", "{FD865A1E-2F87-4B10-93A8-439D62E7E1E3}"
EndProject
Project("{9A19103F-16F7-4668-BE54-9A1E7A4F7556}") = "Superintendent.Hooking", "Superintendent.Hooking\Superintendent.Hooking.csproj", "{6681D4CC-67BA-4BE8-9B16-7F95DDCE25B2}"
EndProject
Project("{9A19103F-16F7-4668-BE54-9A1E7A4F7556}") = "Superintendent.Generation", "Superintendent.Generation\Superintendent.Generation.csproj", "{62087F94-9E37-474F-8A79-ECBBF5F05557}"
EndProject
Project("{9A19103F-16F7-4668-BE54-9A1E7A4F7556}") = "Superintendent.Core.Tests", "Superintendent.Core.Tests\Superintendent.Core.Tests.csproj", "{EAC492A4-8348-4A80-A69C-FD922140F5F7}"
EndProject
Global
	GlobalSection(SolutionConfigurationPlatforms) = preSolution
		Debug|x64 = Debug|x64
		Debug|x86 = Debug|x86
		Release|x64 = Release|x64
		Release|x86 = Release|x86
	EndGlobalSection
	GlobalSection(ProjectConfigurationPlatforms) = postSolution
		{E42E4DC4-16E6-4A5F-8D2F-C676A0110BB9}.Debug|x64.ActiveCfg = Debug|Any CPU
		{E42E4DC4-16E6-4A5F-8D2F-C676A0110BB9}.Debug|x64.Build.0 = Debug|Any CPU
		{E42E4DC4-16E6-4A5F-8D2F-C676A0110BB9}.Debug|x86.ActiveCfg = Debug|Any CPU
		{E42E4DC4-16E6-4A5F-8D2F-C676A0110BB9}.Debug|x86.Build.0 = Debug|Any CPU
		{E42E4DC4-16E6-4A5F-8D2F-C676A0110BB9}.Release|x64.ActiveCfg = Release|Any CPU
		{E42E4DC4-16E6-4A5F-8D2F-C676A0110BB9}.Release|x64.Build.0 = Release|Any CPU
		{E42E4DC4-16E6-4A5F-8D2F-C676A0110BB9}.Release|x86.ActiveCfg = Release|Any CPU
		{E42E4DC4-16E6-4A5F-8D2F-C676A0110BB9}.Release|x86.Build.0 = Release|Any CPU
		{1A0E779E-629D-41CC-B070-D3C3F4042297}.Debug|x64.ActiveCfg = Debug|Any CPU
		{1A0E779E-629D-41CC-B070-D3C3F4042297}.Debug|x64.Build.0 = Debug|Any CPU
		{1A0E779E-629D-41CC-B070-D3C3F4042297}.Debug|x86.ActiveCfg = Debug|Any CPU
		{1A0E779E-629D-41CC-B070-D3C3F4042297}.Debug|x86.Build.0 = Debug|Any CPU
		{1A0E779E-629D-41CC-B070-D3C3F4042297}.Release|x64.ActiveCfg = Release|Any CPU
		{1A0E779E-629D-41CC-B070-D3C3F4042297}.Release|x64.Build.0 = Release|Any CPU
		{1A0E779E-629D-41CC-B070-D3C3F4042297}.Release|x86.ActiveCfg = Release|Any CPU
		{1A0E779E-629D-41CC-B070-D3C3F4042297}.Release|x86.Build.0 = Release|Any CPU
		{EC8AACCC-5783-486A-819F-C6D4857E312C}.Debug|x64.ActiveCfg = Debug|x64
		{EC8AACCC-5783-486A-819F-C6D4857E312C}.Debug|x64.Build.0 = Debug|x64
		{EC8AACCC-5783-486A-819F-C6D4857E312C}.Debug|x86.ActiveCfg = Debug|Win32
		{EC8AACCC-5783-486A-819F-C6D4857E312C}.Debug|x86.Build.0 = Debug|Win32
		{EC8AACCC-5783-486A-819F-C6D4857E312C}.Release|x64.ActiveCfg = Release|x64
		{EC8AACCC-5783-486A-819F-C6D4857E312C}.Release|x64.Build.0 = Release|x64
		{EC8AACCC-5783-486A-819F-C6D4857E312C}.Release|x86.ActiveCfg = Release|Win32
		{EC8AACCC-5783-486A-819F-C6D4857E312C}.Release|x86.Build.0 = Release|Win32
		{6FA4BE0A-3911-42C8-B826-693ED7D173F7}.Debug|x64.ActiveCfg = Debug|x64
		{6FA4BE0A-3911-42C8-B826-693ED7D173F7}.Debug|x64.Build.0 = Debug|x64
		{6FA4BE0A-3911-42C8-B826-693ED7D173F7}.Debug|x86.ActiveCfg = Debug|Win32
		{6FA4BE0A-3911-42C8-B826-693ED7D173F7}.Debug|x86.Build.0 = Debug|Win32
		{6FA4BE0A-3911-42C8-B826-693ED7D173F7}.Release|x64.ActiveCfg = Release|x64
		{6FA4BE0A-3911-42C8-B826-693ED7D173F7}.Release|x64.Build.0 = Release|x64
		{6FA4BE0A-3911-42C8-B826-693ED7D173F7}.Release|x86.ActiveCfg = Release|Win32
		{6FA4BE0A-3911-42C8-B826-693ED7D173F7}.Release|x86.Build.0 = Release|Win32
		{FD865A1E-2F87-4B10-93A8-439D62E7E1E3}.Debug|x64.ActiveCfg = Debug|Any CPU
		{FD865A1E-2F87-4B10-93A8-439D62E7E1E3}.Debug|x64.Build.0 = Debug|Any CPU
		{FD865A1E-2F87-4B10-93A8-439D62E7E1E3}.Debug|x86.ActiveCfg = Debug|Any CPU
		{FD865A1E-2F87-4B10-93A8-439D62E7E1E3}.Debug|x86.Build.0 = Debug|Any CPU
		{FD865A1E-2F87-4B10-93A8-439D62E7E1E3}.Release|x64.ActiveCfg = Release|Any CPU
		{FD865A1E-2F87-4B10-93A8-439D62E7E1E3}.Release|x64.Build.0 = Release|Any CPU
		{FD865A1E-2F87-4B10-93A8-439D62E7E1E3}.Release|x86.ActiveCfg = Release|Any CPU
		{FD865A1E-2F87-4B10-93A8-439D62E7E1E3}.Release|x86.Build.0 = Release|Any CPU
		{6681D4CC-67BA-4BE8-9B16-7F95DDCE25B2}.Debug|x64.ActiveCfg = Debug|Any CPU
		{6681D4CC-67BA-4BE8-9B16-7F95DDCE25B2}.Debug|x64.Build.0 = Debug|Any CPU
		{6681D4CC-67BA-4BE8-9B16-7F95DDCE25B2}.Debug|x86.ActiveCfg = Debug|Any CPU
		{6681D4CC-67BA-4BE8-9B16-7F95DDCE25B2}.Debug|x86.Build.0 = Debug|Any CPU
		{6681D4CC-67BA-4BE8-9B16-7F95DDCE25B2}.Release|x64.ActiveCfg = Release|Any CPU
		{6681D4CC-67BA-4BE8-9B16-7F95DDCE25B2}.Release|x64.Build.0 = Release|Any CPU
		{6681D4CC-67BA-4BE8-9B16-7F95DDCE25B2}.Release|x86.ActiveCfg = Release|Any CPU
		{6681D4CC-67BA-4BE8-9B16-7F95DDCE25B2}.Release|x86.Build.0 = Release|Any CPU
		{62087F94-9E37-474F-8A79-ECBBF5F05557}.Debug|x64.ActiveCfg = Debug|Any CPU
		{62087F94-9E37-474F-8A79-ECBBF5F05557}.Debug|x64.Build.0 = Debug|Any CPU
		{62087F94-9E37-474F-8A79-ECBBF5F05557}.Debug|x86.ActiveCfg = Debug|Any CPU
		{62087F94-9E37-474F-8A79-ECBBF5F05557}.Debug|x86.Build.0 = Debug|Any CPU
		{62087F94-9E37-474F-8A79-ECBBF5F05557}.Release|x64.ActiveCfg = Release|Any CPU
		{62087F94-9E37-474F-8A79-ECBBF5F05557}.Release|x64.Build.0 = Release|Any CPU
		{62087F94-9E37-474F-8A79-ECBBF5F05557}.Release|x86.ActiveCfg = Release|Any CPU
		{62087F94-9E37-474F-8A79-ECBBF5F05557}.Release|x86.Build.0 = Release|Any CPU
		{EAC492A4-8348-4A80-A69C-FD922140F5F7}.Debug|x64.ActiveCfg = Debug|Any CPU
		{EAC492A4-8348-4A80-A69C-FD922140F5F7}.Debug|x64.Build.0 = Debug|Any CPU
		{EAC492A4-8348-4A80-A69C-FD922140F5F7}.Debug|x86.ActiveCfg = Debug|Any CPU
		{EAC492A4-8348-4A80-A69C-FD922140F5F7}.Debug|x86.Build.0 = Debug|Any CPU
		{EAC492A4-8348-4A80-A69C-FD922140F5F7}.Release|x64.ActiveCfg = Release|Any CPU
		{EAC492A4-8348-4A80-A69C-FD922140F5F7}.Release|x64.Build.0 = Release|Any CPU
		{EAC492A4-8348-4A80-A69C-FD922140F5F7}.Release|x86.ActiveCfg = Release|Any CPU
		{EAC492A4-8348-4A80-A69C-FD922140F5F7}.Release|x86.Build.0 = Release|Any CPU
	EndGlobalSection
	GlobalSection(SolutionProperties) = preSolution
		HideSolutionNode = FALSE
	EndGlobalSection
	GlobalSection(ExtensibilityGlobals) = postSolution
		SolutionGuid = {8CBDBF0C-31FF-4C70-8E57-F35F13B9BF5A}
	EndGlobalSection
EndGlobal
